
Microsoft Visual Studio Solution File, Format Version 12.00
# Visual Studio Version 16
VisualStudioVersion = 16.0.30114.105
MinimumVisualStudioVersion = 10.0.40219.1
Project("{FAE04EC0-301F-11D3-BF4B-00C04F79EFBC}") = "dmarquez_api_net.Domain", "dmarquez_api_net.Domain\dmarquez_api_net.Domain.csproj", "{D2B3102F-EEF7-4E94-8C58-E036AA3A789B}"
EndProject
Project("{FAE04EC0-301F-11D3-BF4B-00C04F79EFBC}") = "dmarquez_api_net.Infraestructure", "dmarquez_api_net.Infraestructure\dmarquez_api_net.Infraestructure.csproj", "{817E2FAB-5221-423F-A3A9-518B35E7412F}"
EndProject
Project("{FAE04EC0-301F-11D3-BF4B-00C04F79EFBC}") = "dmarquez_api_net.Application", "dmarquez_api_net.Application\dmarquez_api_net.Application.csproj", "{363AD01C-4EA5-4BA1-8B25-2B6760C762AA}"
EndProject
Project("{FAE04EC0-301F-11D3-BF4B-00C04F79EFBC}") = "dmarquez_api_net.API", "dmarquez_api_net.API\dmarquez_api_net.API.csproj", "{832C3373-A95F-4257-AF42-2DD31F791600}"
EndProject
Global
	GlobalSection(SolutionConfigurationPlatforms) = preSolution
		Debug|Any CPU = Debug|Any CPU
		Release|Any CPU = Release|Any CPU
	EndGlobalSection
	GlobalSection(SolutionProperties) = preSolution
		HideSolutionNode = FALSE
	EndGlobalSection
	GlobalSection(ProjectConfigurationPlatforms) = postSolution
		{D2B3102F-EEF7-4E94-8C58-E036AA3A789B}.Debug|Any CPU.ActiveCfg = Debug|Any CPU
		{D2B3102F-EEF7-4E94-8C58-E036AA3A789B}.Debug|Any CPU.Build.0 = Debug|Any CPU
		{D2B3102F-EEF7-4E94-8C58-E036AA3A789B}.Release|Any CPU.ActiveCfg = Release|Any CPU
		{D2B3102F-EEF7-4E94-8C58-E036AA3A789B}.Release|Any CPU.Build.0 = Release|Any CPU
		{817E2FAB-5221-423F-A3A9-518B35E7412F}.Debug|Any CPU.ActiveCfg = Debug|Any CPU
		{817E2FAB-5221-423F-A3A9-518B35E7412F}.Debug|Any CPU.Build.0 = Debug|Any CPU
		{817E2FAB-5221-423F-A3A9-518B35E7412F}.Release|Any CPU.ActiveCfg = Release|Any CPU
		{817E2FAB-5221-423F-A3A9-518B35E7412F}.Release|Any CPU.Build.0 = Release|Any CPU
		{363AD01C-4EA5-4BA1-8B25-2B6760C762AA}.Debug|Any CPU.ActiveCfg = Debug|Any CPU
		{363AD01C-4EA5-4BA1-8B25-2B6760C762AA}.Debug|Any CPU.Build.0 = Debug|Any CPU
		{363AD01C-4EA5-4BA1-8B25-2B6760C762AA}.Release|Any CPU.ActiveCfg = Release|Any CPU
		{363AD01C-4EA5-4BA1-8B25-2B6760C762AA}.Release|Any CPU.Build.0 = Release|Any CPU
		{832C3373-A95F-4257-AF42-2DD31F791600}.Debug|Any CPU.ActiveCfg = Debug|Any CPU
		{832C3373-A95F-4257-AF42-2DD31F791600}.Debug|Any CPU.Build.0 = Debug|Any CPU
		{832C3373-A95F-4257-AF42-2DD31F791600}.Release|Any CPU.ActiveCfg = Release|Any CPU
		{832C3373-A95F-4257-AF42-2DD31F791600}.Release|Any CPU.Build.0 = Release|Any CPU
	EndGlobalSection
EndGlobal
